// !$*UTF8*$!
{
	archiveVersion = 1;
	classes = {
	};
	objectVersion = 50;
	objects = {

/* Begin PBXBuildFile section */
		C6161C4B275E32EE0002AA50 /* Day 5.swift in Sources */ = {isa = PBXBuildFile; fileRef = C6161C4A275E32EE0002AA50 /* Day 5.swift */; };
		C62723A027761217008DA9E6 /* Day 24.swift in Sources */ = {isa = PBXBuildFile; fileRef = C627239F27761217008DA9E6 /* Day 24.swift */; };
		C62A64EC2777C7710059EF27 /* Day 25.swift in Sources */ = {isa = PBXBuildFile; fileRef = C62A64EB2777C7710059EF27 /* Day 25.swift */; };
		C67E57282768844E003CA5C3 /* Day 14.swift in Sources */ = {isa = PBXBuildFile; fileRef = C67E57272768844E003CA5C3 /* Day 14.swift */; };
		C689EFD0275C172E006901E2 /* Day 4.swift in Sources */ = {isa = PBXBuildFile; fileRef = C689EFCF275C172E006901E2 /* Day 4.swift */; };
		C69401DC276FC85600A107C7 /* Day 18.swift in Sources */ = {isa = PBXBuildFile; fileRef = C69401DB276FC85600A107C7 /* Day 18.swift */; };
		C69401DF27708C6A00A107C7 /* Day 20.swift in Sources */ = {isa = PBXBuildFile; fileRef = C69401DE27708C6A00A107C7 /* Day 20.swift */; };
		C6C0AFF02762123700E1D404 /* Day 9.swift in Sources */ = {isa = PBXBuildFile; fileRef = C6C0AFEF2762123700E1D404 /* Day 9.swift */; };
		C6C5721627739A4A0087D4C9 /* Day 22.swift in Sources */ = {isa = PBXBuildFile; fileRef = C6C5721527739A4A0087D4C9 /* Day 22.swift */; };
		C6CC145527574732006CA598 /* main.swift in Sources */ = {isa = PBXBuildFile; fileRef = C6CC145427574732006CA598 /* main.swift */; };
		C6CF8ADC2767B252003E0597 /* Day 12.swift in Sources */ = {isa = PBXBuildFile; fileRef = C6CF8ADB2767B252003E0597 /* Day 12.swift */; };
		C6CF8ADE2768F5CB003E0597 /* Day 11.swift in Sources */ = {isa = PBXBuildFile; fileRef = C6CF8ADD2768F5CB003E0597 /* Day 11.swift */; };
		C6CF8AE22769EFF9003E0597 /* Day 15.swift in Sources */ = {isa = PBXBuildFile; fileRef = C6CF8AE12769EFF9003E0597 /* Day 15.swift */; };
		C6CF8AE5276CB626003E0597 /* Day 17.swift in Sources */ = {isa = PBXBuildFile; fileRef = C6CF8AE4276CB625003E0597 /* Day 17.swift */; };
/* End PBXBuildFile section */

/* Begin PBXCopyFilesBuildPhase section */
		C6CC144F27574732006CA598 /* CopyFiles */ = {
			isa = PBXCopyFilesBuildPhase;
			buildActionMask = 2147483647;
			dstPath = /usr/share/man/man1/;
			dstSubfolderSpec = 0;
			files = (
			);
			runOnlyForDeploymentPostprocessing = 1;
		};
/* End PBXCopyFilesBuildPhase section */

/* Begin PBXFileReference section */
		C6161C4A275E32EE0002AA50 /* Day 5.swift */ = {isa = PBXFileReference; lastKnownFileType = sourcecode.swift; path = "Day 5.swift"; sourceTree = "<group>"; };
		C627239F27761217008DA9E6 /* Day 24.swift */ = {isa = PBXFileReference; lastKnownFileType = sourcecode.swift; path = "Day 24.swift"; sourceTree = "<group>"; };
		C62A64EA2777B6DA0059EF27 /* Day 25 - Sea Cucumber.playground */ = {isa = PBXFileReference; lastKnownFileType = file.playground; path = "Day 25 - Sea Cucumber.playground"; sourceTree = "<group>"; xcLanguageSpecificationIdentifier = xcode.lang.swift; };
		C62A64EB2777C7710059EF27 /* Day 25.swift */ = {isa = PBXFileReference; lastKnownFileType = sourcecode.swift; path = "Day 25.swift"; sourceTree = "<group>"; };
		C641BA932764788200F5F964 /* Day 11 - Dumbo Octopus.playground */ = {isa = PBXFileReference; lastKnownFileType = file.playground; path = "Day 11 - Dumbo Octopus.playground"; sourceTree = "<group>"; xcLanguageSpecificationIdentifier = xcode.lang.swift; };
		C641BA9427686E6800F5F964 /* Day 14 - Extended Polymerization.playground */ = {isa = PBXFileReference; lastKnownFileType = file.playground; path = "Day 14 - Extended Polymerization.playground"; sourceTree = "<group>"; xcLanguageSpecificationIdentifier = xcode.lang.swift; };
		C660943C27731C1D00D167A1 /* Day 22 - Reactor Reboot.playground */ = {isa = PBXFileReference; lastKnownFileType = file.playground; path = "Day 22 - Reactor Reboot.playground"; sourceTree = "<group>"; xcLanguageSpecificationIdentifier = xcode.lang.swift; };
		C67E57272768844E003CA5C3 /* Day 14.swift */ = {isa = PBXFileReference; lastKnownFileType = sourcecode.swift; path = "Day 14.swift"; sourceTree = "<group>"; };
		C67FECE32769BF89009A68D4 /* Day 15 - Chiton.playground */ = {isa = PBXFileReference; lastKnownFileType = file.playground; path = "Day 15 - Chiton.playground"; sourceTree = "<group>"; xcLanguageSpecificationIdentifier = xcode.lang.swift; };
		C68948FE2758BC40003DF504 /* Day 2.playground */ = {isa = PBXFileReference; lastKnownFileType = file.playground; path = "Day 2.playground"; sourceTree = "<group>"; xcLanguageSpecificationIdentifier = xcode.lang.swift; };
		C689EFCF275C172E006901E2 /* Day 4.swift */ = {isa = PBXFileReference; lastKnownFileType = sourcecode.swift; path = "Day 4.swift"; sourceTree = "<group>"; };
		C689EFD1275C874C006901E2 /* Day 5.playground */ = {isa = PBXFileReference; lastKnownFileType = file.playground; path = "Day 5.playground"; sourceTree = "<group>"; xcLanguageSpecificationIdentifier = xcode.lang.swift; };
		C689EFD2275DE8F2006901E2 /* Day 6 - Lanternfish.playground */ = {isa = PBXFileReference; lastKnownFileType = file.playground; path = "Day 6 - Lanternfish.playground"; sourceTree = "<group>"; xcLanguageSpecificationIdentifier = xcode.lang.swift; };
		C69401DB276FC85600A107C7 /* Day 18.swift */ = {isa = PBXFileReference; lastKnownFileType = sourcecode.swift; path = "Day 18.swift"; sourceTree = "<group>"; };
		C69401DD27707A5500A107C7 /* Day 20 - Trench Map.playground */ = {isa = PBXFileReference; lastKnownFileType = file.playground; path = "Day 20 - Trench Map.playground"; sourceTree = "<group>"; xcLanguageSpecificationIdentifier = xcode.lang.swift; };
		C69401DE27708C6A00A107C7 /* Day 20.swift */ = {isa = PBXFileReference; lastKnownFileType = sourcecode.swift; path = "Day 20.swift"; sourceTree = "<group>"; };
		C6A3586B275BFB9600526EB9 /* Day 4.playground */ = {isa = PBXFileReference; lastKnownFileType = file.playground; path = "Day 4.playground"; sourceTree = "<group>"; xcLanguageSpecificationIdentifier = xcode.lang.swift; };
		C6A35DA5276B086100F18765 /* Day 16 - Packet Decoder.playground */ = {isa = PBXFileReference; lastKnownFileType = file.playground; path = "Day 16 - Packet Decoder.playground"; sourceTree = "<group>"; xcLanguageSpecificationIdentifier = xcode.lang.swift; };
		C6A7681C276DB5510055D8D6 /* Day 18 - Snailfish.playground */ = {isa = PBXFileReference; lastKnownFileType = file.playground; path = "Day 18 - Snailfish.playground"; sourceTree = "<group>"; xcLanguageSpecificationIdentifier = xcode.lang.swift; };
		C6AAD2FC27748BCA00D402CE /* Day 23 - Amphipod.playground */ = {isa = PBXFileReference; lastKnownFileType = file.playground; path = "Day 23 - Amphipod.playground"; sourceTree = "<group>"; xcLanguageSpecificationIdentifier = xcode.lang.swift; };
		C6AAD2FD2775A6B700D402CE /* Day 24 - Arithmetic Logic Unit.playground */ = {isa = PBXFileReference; lastKnownFileType = file.playground; path = "Day 24 - Arithmetic Logic Unit.playground"; sourceTree = "<group>"; xcLanguageSpecificationIdentifier = xcode.lang.swift; };
		C6B1478F276741190014F185 /* Day 13 - Transparent Origami.playground */ = {isa = PBXFileReference; lastKnownFileType = file.playground; path = "Day 13 - Transparent Origami.playground"; sourceTree = "<group>"; xcLanguageSpecificationIdentifier = xcode.lang.swift; };
		C6B3E4962759E2560068D28C /* Day 3.playground */ = {isa = PBXFileReference; lastKnownFileType = file.playground; path = "Day 3.playground"; sourceTree = "<group>"; xcLanguageSpecificationIdentifier = xcode.lang.swift; };
		C6C0AFE92760A9E300E1D404 /* Day 8 - Seven Segment Search.playground */ = {isa = PBXFileReference; lastKnownFileType = file.playground; path = "Day 8 - Seven Segment Search.playground"; sourceTree = "<group>"; xcLanguageSpecificationIdentifier = xcode.lang.swift; };
		C6C0AFEE2762031E00E1D404 /* Day 9 - Smoke Basin.playground */ = {isa = PBXFileReference; lastKnownFileType = file.playground; path = "Day 9 - Smoke Basin.playground"; sourceTree = "<group>"; xcLanguageSpecificationIdentifier = xcode.lang.swift; };
		C6C0AFEF2762123700E1D404 /* Day 9.swift */ = {isa = PBXFileReference; lastKnownFileType = sourcecode.swift; path = "Day 9.swift"; sourceTree = "<group>"; };
		C6C0AFF52763507800E1D404 /* Day 10 - Syntax Scoring.playground */ = {isa = PBXFileReference; lastKnownFileType = file.playground; path = "Day 10 - Syntax Scoring.playground"; sourceTree = "<group>"; xcLanguageSpecificationIdentifier = xcode.lang.swift; };
		C6C2B55B2771AE8200BF1954 /* Day 21 - Dirac Dice.playground */ = {isa = PBXFileReference; lastKnownFileType = file.playground; path = "Day 21 - Dirac Dice.playground"; sourceTree = "<group>"; xcLanguageSpecificationIdentifier = xcode.lang.swift; };
		C6C5721527739A4A0087D4C9 /* Day 22.swift */ = {isa = PBXFileReference; lastKnownFileType = sourcecode.swift; path = "Day 22.swift"; sourceTree = "<group>"; };
		C6CAF7DA27787F5900549A48 /* README.md */ = {isa = PBXFileReference; lastKnownFileType = net.daringfireball.markdown; path = README.md; sourceTree = "<group>"; };
		C6CC145127574732006CA598 /* Advent of Code 2021 */ = {isa = PBXFileReference; explicitFileType = "compiled.mach-o.executable"; includeInIndex = 0; path = "Advent of Code 2021"; sourceTree = BUILT_PRODUCTS_DIR; };
		C6CC145427574732006CA598 /* main.swift */ = {isa = PBXFileReference; lastKnownFileType = sourcecode.swift; path = main.swift; sourceTree = "<group>"; };
		C6CC145B27574856006CA598 /* Day 1.playground */ = {isa = PBXFileReference; lastKnownFileType = file.playground; path = "Day 1.playground"; sourceTree = "<group>"; xcLanguageSpecificationIdentifier = xcode.lang.swift; };
		C6CF8ADA27676393003E0597 /* Day 12 - Passage Pathing.playground */ = {isa = PBXFileReference; lastKnownFileType = file.playground; path = "Day 12 - Passage Pathing.playground"; sourceTree = "<group>"; xcLanguageSpecificationIdentifier = xcode.lang.swift; };
		C6CF8ADB2767B252003E0597 /* Day 12.swift */ = {isa = PBXFileReference; lastKnownFileType = sourcecode.swift; path = "Day 12.swift"; sourceTree = "<group>"; };
		C6CF8ADD2768F5CB003E0597 /* Day 11.swift */ = {isa = PBXFileReference; lastKnownFileType = sourcecode.swift; path = "Day 11.swift"; sourceTree = "<group>"; };
		C6CF8AE12769EFF9003E0597 /* Day 15.swift */ = {isa = PBXFileReference; lastKnownFileType = sourcecode.swift; path = "Day 15.swift"; sourceTree = "<group>"; };
		C6CF8AE3276C8B59003E0597 /* Day 17 - Trick Shot.playground */ = {isa = PBXFileReference; lastKnownFileType = file.playground; path = "Day 17 - Trick Shot.playground"; sourceTree = "<group>"; xcLanguageSpecificationIdentifier = xcode.lang.swift; };
		C6CF8AE4276CB625003E0597 /* Day 17.swift */ = {isa = PBXFileReference; lastKnownFileType = sourcecode.swift; path = "Day 17.swift"; sourceTree = "<group>"; };
		C6FCD948275F364C00623E2E /* Day 7 - The Treachery of Whales.playground */ = {isa = PBXFileReference; lastKnownFileType = file.playground; path = "Day 7 - The Treachery of Whales.playground"; sourceTree = "<group>"; xcLanguageSpecificationIdentifier = xcode.lang.swift; };
/* End PBXFileReference section */

/* Begin PBXFrameworksBuildPhase section */
		C6CC144E27574732006CA598 /* Frameworks */ = {
			isa = PBXFrameworksBuildPhase;
			buildActionMask = 2147483647;
			files = (
			);
			runOnlyForDeploymentPostprocessing = 0;
		};
/* End PBXFrameworksBuildPhase section */

/* Begin PBXGroup section */
		C6CC144827574732006CA598 = {
			isa = PBXGroup;
			children = (
				C6CAF7DA27787F5900549A48 /* README.md */,
				C6CC145327574732006CA598 /* Advent of Code 2021 */,
				C6CC145227574732006CA598 /* Products */,
			);
			sourceTree = "<group>";
		};
		C6CC145227574732006CA598 /* Products */ = {
			isa = PBXGroup;
			children = (
				C6CC145127574732006CA598 /* Advent of Code 2021 */,
			);
			name = Products;
			sourceTree = "<group>";
		};
		C6CC145327574732006CA598 /* Advent of Code 2021 */ = {
			isa = PBXGroup;
			children = (
				C6CC145427574732006CA598 /* main.swift */,
				C689EFCF275C172E006901E2 /* Day 4.swift */,
				C6161C4A275E32EE0002AA50 /* Day 5.swift */,
				C6C0AFEF2762123700E1D404 /* Day 9.swift */,
				C6CF8ADD2768F5CB003E0597 /* Day 11.swift */,
				C6CF8ADB2767B252003E0597 /* Day 12.swift */,
				C67E57272768844E003CA5C3 /* Day 14.swift */,
				C6CF8AE12769EFF9003E0597 /* Day 15.swift */,
				C6CF8AE4276CB625003E0597 /* Day 17.swift */,
				C69401DB276FC85600A107C7 /* Day 18.swift */,
				C69401DE27708C6A00A107C7 /* Day 20.swift */,
				C6C5721527739A4A0087D4C9 /* Day 22.swift */,
				C627239F27761217008DA9E6 /* Day 24.swift */,
				C62A64EB2777C7710059EF27 /* Day 25.swift */,
				C6CC145B27574856006CA598 /* Day 1.playground */,
				C68948FE2758BC40003DF504 /* Day 2.playground */,
				C6B3E4962759E2560068D28C /* Day 3.playground */,
				C6A3586B275BFB9600526EB9 /* Day 4.playground */,
				C689EFD1275C874C006901E2 /* Day 5.playground */,
				C689EFD2275DE8F2006901E2 /* Day 6 - Lanternfish.playground */,
				C6FCD948275F364C00623E2E /* Day 7 - The Treachery of Whales.playground */,
				C6C0AFE92760A9E300E1D404 /* Day 8 - Seven Segment Search.playground */,
				C6C0AFEE2762031E00E1D404 /* Day 9 - Smoke Basin.playground */,
				C6C0AFF52763507800E1D404 /* Day 10 - Syntax Scoring.playground */,
				C641BA932764788200F5F964 /* Day 11 - Dumbo Octopus.playground */,
				C6CF8ADA27676393003E0597 /* Day 12 - Passage Pathing.playground */,
				C6B1478F276741190014F185 /* Day 13 - Transparent Origami.playground */,
				C641BA9427686E6800F5F964 /* Day 14 - Extended Polymerization.playground */,
				C67FECE32769BF89009A68D4 /* Day 15 - Chiton.playground */,
				C6A35DA5276B086100F18765 /* Day 16 - Packet Decoder.playground */,
				C6CF8AE3276C8B59003E0597 /* Day 17 - Trick Shot.playground */,
				C6A7681C276DB5510055D8D6 /* Day 18 - Snailfish.playground */,
				C69401DD27707A5500A107C7 /* Day 20 - Trench Map.playground */,
				C6C2B55B2771AE8200BF1954 /* Day 21 - Dirac Dice.playground */,
				C660943C27731C1D00D167A1 /* Day 22 - Reactor Reboot.playground */,
				C6AAD2FC27748BCA00D402CE /* Day 23 - Amphipod.playground */,
				C6AAD2FD2775A6B700D402CE /* Day 24 - Arithmetic Logic Unit.playground */,
				C62A64EA2777B6DA0059EF27 /* Day 25 - Sea Cucumber.playground */,
			);
			path = "Advent of Code 2021";
			sourceTree = "<group>";
		};
/* End PBXGroup section */

/* Begin PBXNativeTarget section */
		C6CC145027574732006CA598 /* Advent of Code 2021 */ = {
			isa = PBXNativeTarget;
			buildConfigurationList = C6CC145827574732006CA598 /* Build configuration list for PBXNativeTarget "Advent of Code 2021" */;
			buildPhases = (
				C6CC144D27574732006CA598 /* Sources */,
				C6CC144E27574732006CA598 /* Frameworks */,
				C6CC144F27574732006CA598 /* CopyFiles */,
			);
			buildRules = (
			);
			dependencies = (
			);
			name = "Advent of Code 2021";
			productName = "Advent of Code 2021";
			productReference = C6CC145127574732006CA598 /* Advent of Code 2021 */;
			productType = "com.apple.product-type.tool";
		};
/* End PBXNativeTarget section */

/* Begin PBXProject section */
		C6CC144927574732006CA598 /* Project object */ = {
			isa = PBXProject;
			attributes = {
				LastSwiftUpdateCheck = 1250;
				LastUpgradeCheck = 1250;
				TargetAttributes = {
					C6CC145027574732006CA598 = {
						CreatedOnToolsVersion = 12.5;
					};
				};
			};
			buildConfigurationList = C6CC144C27574732006CA598 /* Build configuration list for PBXProject "Advent of Code 2021" */;
			compatibilityVersion = "Xcode 9.3";
			developmentRegion = en;
			hasScannedForEncodings = 0;
			knownRegions = (
				en,
				Base,
			);
			mainGroup = C6CC144827574732006CA598;
			productRefGroup = C6CC145227574732006CA598 /* Products */;
			projectDirPath = "";
			projectRoot = "";
			targets = (
				C6CC145027574732006CA598 /* Advent of Code 2021 */,
			);
		};
/* End PBXProject section */

/* Begin PBXSourcesBuildPhase section */
		C6CC144D27574732006CA598 /* Sources */ = {
			isa = PBXSourcesBuildPhase;
			buildActionMask = 2147483647;
			files = (
				C69401DC276FC85600A107C7 /* Day 18.swift in Sources */,
				C62723A027761217008DA9E6 /* Day 24.swift in Sources */,
				C6CF8ADE2768F5CB003E0597 /* Day 11.swift in Sources */,
				C689EFD0275C172E006901E2 /* Day 4.swift in Sources */,
				C6C0AFF02762123700E1D404 /* Day 9.swift in Sources */,
				C6CF8AE22769EFF9003E0597 /* Day 15.swift in Sources */,
				C6C5721627739A4A0087D4C9 /* Day 22.swift in Sources */,
				C67E57282768844E003CA5C3 /* Day 14.swift in Sources */,
				C6CF8ADC2767B252003E0597 /* Day 12.swift in Sources */,
				C6161C4B275E32EE0002AA50 /* Day 5.swift in Sources */,
				C62A64EC2777C7710059EF27 /* Day 25.swift in Sources */,
				C69401DF27708C6A00A107C7 /* Day 20.swift in Sources */,
				C6CC145527574732006CA598 /* main.swift in Sources */,
				C6CF8AE5276CB626003E0597 /* Day 17.swift in Sources */,
			);
			runOnlyForDeploymentPostprocessing = 0;
		};
/* End PBXSourcesBuildPhase section */

/* Begin XCBuildConfiguration section */
		C6CC145627574732006CA598 /* Debug */ = {
			isa = XCBuildConfiguration;
			buildSettings = {
				ALWAYS_SEARCH_USER_PATHS = NO;
				CLANG_ANALYZER_NONNULL = YES;
				CLANG_ANALYZER_NUMBER_OBJECT_CONVERSION = YES_AGGRESSIVE;
				CLANG_CXX_LANGUAGE_STANDARD = "gnu++14";
				CLANG_CXX_LIBRARY = "libc++";
				CLANG_ENABLE_MODULES = YES;
				CLANG_ENABLE_OBJC_ARC = YES;
				CLANG_ENABLE_OBJC_WEAK = YES;
				CLANG_WARN_BLOCK_CAPTURE_AUTORELEASING = YES;
				CLANG_WARN_BOOL_CONVERSION = YES;
				CLANG_WARN_COMMA = YES;
				CLANG_WARN_CONSTANT_CONVERSION = YES;
				CLANG_WARN_DEPRECATED_OBJC_IMPLEMENTATIONS = YES;
				CLANG_WARN_DIRECT_OBJC_ISA_USAGE = YES_ERROR;
				CLANG_WARN_DOCUMENTATION_COMMENTS = YES;
				CLANG_WARN_EMPTY_BODY = YES;
				CLANG_WARN_ENUM_CONVERSION = YES;
				CLANG_WARN_INFINITE_RECURSION = YES;
				CLANG_WARN_INT_CONVERSION = YES;
				CLANG_WARN_NON_LITERAL_NULL_CONVERSION = YES;
				CLANG_WARN_OBJC_IMPLICIT_RETAIN_SELF = YES;
				CLANG_WARN_OBJC_LITERAL_CONVERSION = YES;
				CLANG_WARN_OBJC_ROOT_CLASS = YES_ERROR;
				CLANG_WARN_QUOTED_INCLUDE_IN_FRAMEWORK_HEADER = YES;
				CLANG_WARN_RANGE_LOOP_ANALYSIS = YES;
				CLANG_WARN_STRICT_PROTOTYPES = YES;
				CLANG_WARN_SUSPICIOUS_MOVE = YES;
				CLANG_WARN_UNGUARDED_AVAILABILITY = YES_AGGRESSIVE;
				CLANG_WARN_UNREACHABLE_CODE = YES;
				CLANG_WARN__DUPLICATE_METHOD_MATCH = YES;
				COPY_PHASE_STRIP = NO;
				DEBUG_INFORMATION_FORMAT = dwarf;
				ENABLE_STRICT_OBJC_MSGSEND = YES;
				ENABLE_TESTABILITY = YES;
				GCC_C_LANGUAGE_STANDARD = gnu11;
				GCC_DYNAMIC_NO_PIC = NO;
				GCC_NO_COMMON_BLOCKS = YES;
				GCC_OPTIMIZATION_LEVEL = 0;
				GCC_PREPROCESSOR_DEFINITIONS = (
					"DEBUG=1",
					"$(inherited)",
				);
				GCC_WARN_64_TO_32_BIT_CONVERSION = YES;
				GCC_WARN_ABOUT_RETURN_TYPE = YES_ERROR;
				GCC_WARN_UNDECLARED_SELECTOR = YES;
				GCC_WARN_UNINITIALIZED_AUTOS = YES_AGGRESSIVE;
				GCC_WARN_UNUSED_FUNCTION = YES;
				GCC_WARN_UNUSED_VARIABLE = YES;
				MACOSX_DEPLOYMENT_TARGET = 11.3;
				MTL_ENABLE_DEBUG_INFO = INCLUDE_SOURCE;
				MTL_FAST_MATH = YES;
				ONLY_ACTIVE_ARCH = YES;
				SDKROOT = macosx;
				SWIFT_ACTIVE_COMPILATION_CONDITIONS = DEBUG;
				SWIFT_OPTIMIZATION_LEVEL = "-Onone";
			};
			name = Debug;
		};
		C6CC145727574732006CA598 /* Release */ = {
			isa = XCBuildConfiguration;
			buildSettings = {
				ALWAYS_SEARCH_USER_PATHS = NO;
				CLANG_ANALYZER_NONNULL = YES;
				CLANG_ANALYZER_NUMBER_OBJECT_CONVERSION = YES_AGGRESSIVE;
				CLANG_CXX_LANGUAGE_STANDARD = "gnu++14";
				CLANG_CXX_LIBRARY = "libc++";
				CLANG_ENABLE_MODULES = YES;
				CLANG_ENABLE_OBJC_ARC = YES;
				CLANG_ENABLE_OBJC_WEAK = YES;
				CLANG_WARN_BLOCK_CAPTURE_AUTORELEASING = YES;
				CLANG_WARN_BOOL_CONVERSION = YES;
				CLANG_WARN_COMMA = YES;
				CLANG_WARN_CONSTANT_CONVERSION = YES;
				CLANG_WARN_DEPRECATED_OBJC_IMPLEMENTATIONS = YES;
				CLANG_WARN_DIRECT_OBJC_ISA_USAGE = YES_ERROR;
				CLANG_WARN_DOCUMENTATION_COMMENTS = YES;
				CLANG_WARN_EMPTY_BODY = YES;
				CLANG_WARN_ENUM_CONVERSION = YES;
				CLANG_WARN_INFINITE_RECURSION = YES;
				CLANG_WARN_INT_CONVERSION = YES;
				CLANG_WARN_NON_LITERAL_NULL_CONVERSION = YES;
				CLANG_WARN_OBJC_IMPLICIT_RETAIN_SELF = YES;
				CLANG_WARN_OBJC_LITERAL_CONVERSION = YES;
				CLANG_WARN_OBJC_ROOT_CLASS = YES_ERROR;
				CLANG_WARN_QUOTED_INCLUDE_IN_FRAMEWORK_HEADER = YES;
				CLANG_WARN_RANGE_LOOP_ANALYSIS = YES;
				CLANG_WARN_STRICT_PROTOTYPES = YES;
				CLANG_WARN_SUSPICIOUS_MOVE = YES;
				CLANG_WARN_UNGUARDED_AVAILABILITY = YES_AGGRESSIVE;
				CLANG_WARN_UNREACHABLE_CODE = YES;
				CLANG_WARN__DUPLICATE_METHOD_MATCH = YES;
				COPY_PHASE_STRIP = NO;
				DEBUG_INFORMATION_FORMAT = "dwarf-with-dsym";
				ENABLE_NS_ASSERTIONS = NO;
				ENABLE_STRICT_OBJC_MSGSEND = YES;
				GCC_C_LANGUAGE_STANDARD = gnu11;
				GCC_NO_COMMON_BLOCKS = YES;
				GCC_WARN_64_TO_32_BIT_CONVERSION = YES;
				GCC_WARN_ABOUT_RETURN_TYPE = YES_ERROR;
				GCC_WARN_UNDECLARED_SELECTOR = YES;
				GCC_WARN_UNINITIALIZED_AUTOS = YES_AGGRESSIVE;
				GCC_WARN_UNUSED_FUNCTION = YES;
				GCC_WARN_UNUSED_VARIABLE = YES;
				MACOSX_DEPLOYMENT_TARGET = 11.3;
				MTL_ENABLE_DEBUG_INFO = NO;
				MTL_FAST_MATH = YES;
				SDKROOT = macosx;
				SWIFT_COMPILATION_MODE = wholemodule;
				SWIFT_OPTIMIZATION_LEVEL = "-O";
			};
			name = Release;
		};
		C6CC145927574732006CA598 /* Debug */ = {
			isa = XCBuildConfiguration;
			buildSettings = {
				CODE_SIGN_STYLE = Automatic;
				DEVELOPMENT_TEAM = T3V57DT83Y;
				ENABLE_HARDENED_RUNTIME = YES;
				PRODUCT_NAME = "$(TARGET_NAME)";
				SWIFT_VERSION = 5.0;
			};
			name = Debug;
		};
		C6CC145A27574732006CA598 /* Release */ = {
			isa = XCBuildConfiguration;
			buildSettings = {
				CODE_SIGN_STYLE = Automatic;
				DEVELOPMENT_TEAM = T3V57DT83Y;
				ENABLE_HARDENED_RUNTIME = YES;
				PRODUCT_NAME = "$(TARGET_NAME)";
				SWIFT_VERSION = 5.0;
			};
			name = Release;
		};
/* End XCBuildConfiguration section */

/* Begin XCConfigurationList section */
		C6CC144C27574732006CA598 /* Build configuration list for PBXProject "Advent of Code 2021" */ = {
			isa = XCConfigurationList;
			buildConfigurations = (
				C6CC145627574732006CA598 /* Debug */,
				C6CC145727574732006CA598 /* Release */,
			);
			defaultConfigurationIsVisible = 0;
			defaultConfigurationName = Release;
		};
		C6CC145827574732006CA598 /* Build configuration list for PBXNativeTarget "Advent of Code 2021" */ = {
			isa = XCConfigurationList;
			buildConfigurations = (
				C6CC145927574732006CA598 /* Debug */,
				C6CC145A27574732006CA598 /* Release */,
			);
			defaultConfigurationIsVisible = 0;
			defaultConfigurationName = Release;
		};
/* End XCConfigurationList section */
	};
	rootObject = C6CC144927574732006CA598 /* Project object */;
}
